<?xml version="1.0" encoding="utf-8"?>
<Project ToolsVersion="4.0" xmlns="http://schemas.microsoft.com/developer/msbuild/2003">
  <ItemGroup>
    <Filter Include="Source Files">
      <UniqueIdentifier>{4FC737F1-C7A5-4376-A066-2A32D752A2FF}</UniqueIdentifier>
      <Extensions>cpp;c;cc;cxx;c++;cppm;ixx;def;odl;idl;hpj;bat;asm;asmx</Extensions>
    </Filter>
    <Filter Include="Header Files">
      <UniqueIdentifier>{93995380-89BD-4b04-88EB-625FBE52EBFB}</UniqueIdentifier>
      <Extensions>h;hh;hpp;hxx;h++;hm;inl;inc;ipp;xsd</Extensions>
    </Filter>
    <Filter Include="Resource Files">
      <UniqueIdentifier>{67DA6AB6-F800-4c08-8B7A-83BB121AAD01}</UniqueIdentifier>
      <Extensions>rc;ico;cur;bmp;dlg;rc2;rct;bin;rgs;gif;jpg;jpeg;jpe;resx;tiff;tif;png;wav;mfcribbon-ms</Extensions>
    </Filter>
  </ItemGroup>
  <ItemGroup>
    <ClCompile Include="Game.cpp">
      <Filter>Source Files</Filter>
    </ClCompile>
    <ClCompile Include="Private\MazeElements\MazeElement.cpp">
      <Filter>Source Files</Filter>
    </ClCompile>
    <ClCompile Include="Private\Transform.cpp">
      <Filter>Source Files</Filter>
    </ClCompile>
    <ClCompile Include="Private\MazeElements\BaseRoom.cpp">
      <Filter>Source Files</Filter>
    </ClCompile>
    <ClCompile Include="Private\MazeElements\BaseWall.cpp">
      <Filter>Source Files</Filter>
    </ClCompile>
    <ClCompile Include="Private\MazeElements\BaseDoor.cpp">
      <Filter>Source Files</Filter>
    </ClCompile>
    <ClCompile Include="Private\MazeElements\Maze.cpp">
      <Filter>Source Files</Filter>
    </ClCompile>
    <ClCompile Include="Private\MazeGame.cpp">
      <Filter>Source Files</Filter>
    </ClCompile>
    <ClCompile Include="Private\Factories\MazeBaseFactory.cpp">
      <Filter>Source Files</Filter>
    </ClCompile>
    <ClCompile Include="Private\Factories\MazeConcreteFactory1.cpp">
      <Filter>Source Files</Filter>
    </ClCompile>
    <ClCompile Include="Private\MazeElements\BombRoom.cpp">
      <Filter>Source Files</Filter>
    </ClCompile>
    <ClCompile Include="Private\MazeElements\BreakableWall.cpp">
      <Filter>Source Files</Filter>
    </ClCompile>
    <ClCompile Include="Private\Factories\MazeConcreteFactory2.cpp">
      <Filter>Source Files</Filter>
    </ClCompile>
    <ClCompile Include="Private\Builders\MazeBuilderBase.cpp">
      <Filter>Source Files</Filter>
    </ClCompile>
    <ClCompile Include="Private\Builders\MazeConcreteBuilder1.cpp">
      <Filter>Source Files</Filter>
    </ClCompile>
    <ClCompile Include="Private\Builders\MazeConcreteBuilder2.cpp">
      <Filter>Source Files</Filter>
    </ClCompile>
  </ItemGroup>
  <ItemGroup>
    <ClInclude Include="Public\MazeElements\MazeElement.h">
      <Filter>Header Files</Filter>
    </ClInclude>
    <ClInclude Include="Public\Transform.h">
      <Filter>Header Files</Filter>
    </ClInclude>
    <ClInclude Include="Public\MazeElements\BaseRoom.h">
      <Filter>Header Files</Filter>
    </ClInclude>
    <ClInclude Include="Public\MazeElements\BaseWall.h">
      <Filter>Header Files</Filter>
    </ClInclude>
    <ClInclude Include="Public\EDirection.h">
      <Filter>Header Files</Filter>
    </ClInclude>
    <ClInclude Include="Public\MazeElements\BaseDoor.h">
      <Filter>Header Files</Filter>
    </ClInclude>
    <ClInclude Include="Public\MazeElements\Maze.h">
      <Filter>Header Files</Filter>
    </ClInclude>
    <ClInclude Include="Public\MazeGame.h">
      <Filter>Header Files</Filter>
    </ClInclude>
    <ClInclude Include="Public\Factories\MazeBaseFactory.h">
      <Filter>Header Files</Filter>
    </ClInclude>
    <ClInclude Include="Public\Factories\MazeConcreteFactory1.h">
      <Filter>Header Files</Filter>
    </ClInclude>
    <ClInclude Include="Public\MazeElements\BombRoom.h">
      <Filter>Header Files</Filter>
    </ClInclude>
    <ClInclude Include="Public\MazeElements\BreakableWall.h">
      <Filter>Header Files</Filter>
    </ClInclude>
    <ClInclude Include="Public\Factories\MazeConcreteFactory2.h">
      <Filter>Header Files</Filter>
    </ClInclude>
    <ClInclude Include="Public\Builders\MazeBuilderBase.h">
      <Filter>Header Files</Filter>
    </ClInclude>
    <ClInclude Include="Public\Builders\MazeConcreteBuilder1.h">
      <Filter>Header Files</Filter>
    </ClInclude>
    <ClInclude Include="Public\Builders\MazeConcreteBuilder2.h">
      <Filter>Header Files</Filter>
    </ClInclude>
  </ItemGroup>
</Project>